<?xml version="1.0" encoding="utf-8"?>
<Project ToolsVersion="12.0" xmlns="http://schemas.microsoft.com/developer/msbuild/2003">
  <PropertyGroup />
  <ItemGroup>
    <ClCompile Include="gtest_main.cc" />
    <ClCompile Include="TestInterpreter.cpp" />
    <ClCompile Include="TestTokenizer.cpp" />
    <ClCompile Include="TestExpression.cpp" />
    <ClCompile Include="TestFuncDef.cpp" />
    <ClCompile Include="TestConsoleInterface.cpp" />
    <ClCompile Include="TestParser.cpp" />
    <ClCompile Include="TestStdLib.cpp">
      <Filter>StdLib</Filter>
    </ClCompile>
    <ClCompile Include="TestController.cpp" />
    <ClCompile Include="TestFileSystem.cpp" />
    <ClCompile Include="TestUtils.cpp" />
  </ItemGroup>
  <ItemGroup>
    <ClInclude Include="Common.h" />
  </ItemGroup>
  <ItemGroup>
    <Filter Include="StdLib">
      <UniqueIdentifier>{ab805780-e507-495d-baf4-3949518791d9}</UniqueIdentifier>
    </Filter>
  </ItemGroup>
</Project>