
Microsoft Visual Studio Solution File, Format Version 12.00
# Visual Studio Express 2013 for Windows Desktop
VisualStudioVersion = 12.0.21126.0
MinimumVisualStudioVersion = 10.0.40219.1
Project("{8BC9CEB8-8B4A-11D0-8D11-00A0C91BC942}") = "Slisp", "..\Slisp\Slisp.vcxproj", "{92100138-79F8-4F7C-8FE0-D2FA4B9C7B27}"
EndProject
Project("{8BC9CEB8-8B4A-11D0-8D11-00A0C91BC942}") = "gtest", "..\Vendor\googletest-release-1.7.0\msvc\gtest.vcxproj", "{C8F6C172-56F2-4E76-B5FA-C3B423B31BE7}"
EndProject
Project("{8BC9CEB8-8B4A-11D0-8D11-00A0C91BC942}") = "gtest_main", "gtest_main.vcxproj", "{3AF54C8A-10BF-4332-9147-F68ED9862032}"
	ProjectSection(ProjectDependencies) = postProject
		{92100138-79F8-4F7C-8FE0-D2FA4B9C7B27} = {92100138-79F8-4F7C-8FE0-D2FA4B9C7B27}
	EndProjectSection
EndProject
Global
	GlobalSection(SolutionConfigurationPlatforms) = preSolution
		Debug(staticlib)|Win32 = Debug(staticlib)|Win32
		Debug|Win32 = Debug|Win32
		Release|Win32 = Release|Win32
	EndGlobalSection
	GlobalSection(ProjectConfigurationPlatforms) = postSolution
		{92100138-79F8-4F7C-8FE0-D2FA4B9C7B27}.Debug(staticlib)|Win32.ActiveCfg = Debug(staticlib)|Win32
		{92100138-79F8-4F7C-8FE0-D2FA4B9C7B27}.Debug(staticlib)|Win32.Build.0 = Debug(staticlib)|Win32
		{92100138-79F8-4F7C-8FE0-D2FA4B9C7B27}.Debug|Win32.ActiveCfg = Debug(staticlib)|Win32
		{92100138-79F8-4F7C-8FE0-D2FA4B9C7B27}.Debug|Win32.Build.0 = Debug(staticlib)|Win32
		{92100138-79F8-4F7C-8FE0-D2FA4B9C7B27}.Release|Win32.ActiveCfg = Release|Win32
		{92100138-79F8-4F7C-8FE0-D2FA4B9C7B27}.Release|Win32.Build.0 = Release|Win32
		{C8F6C172-56F2-4E76-B5FA-C3B423B31BE7}.Debug(staticlib)|Win32.ActiveCfg = Debug|Win32
		{C8F6C172-56F2-4E76-B5FA-C3B423B31BE7}.Debug(staticlib)|Win32.Build.0 = Debug|Win32
		{C8F6C172-56F2-4E76-B5FA-C3B423B31BE7}.Debug|Win32.ActiveCfg = Debug|Win32
		{C8F6C172-56F2-4E76-B5FA-C3B423B31BE7}.Debug|Win32.Build.0 = Debug|Win32
		{C8F6C172-56F2-4E76-B5FA-C3B423B31BE7}.Release|Win32.ActiveCfg = Release|Win32
		{C8F6C172-56F2-4E76-B5FA-C3B423B31BE7}.Release|Win32.Build.0 = Release|Win32
		{3AF54C8A-10BF-4332-9147-F68ED9862032}.Debug(staticlib)|Win32.ActiveCfg = Debug|Win32
		{3AF54C8A-10BF-4332-9147-F68ED9862032}.Debug(staticlib)|Win32.Build.0 = Debug|Win32
		{3AF54C8A-10BF-4332-9147-F68ED9862032}.Debug|Win32.ActiveCfg = Debug|Win32
		{3AF54C8A-10BF-4332-9147-F68ED9862032}.Debug|Win32.Build.0 = Debug|Win32
		{3AF54C8A-10BF-4332-9147-F68ED9862032}.Release|Win32.ActiveCfg = Release|Win32
		{3AF54C8A-10BF-4332-9147-F68ED9862032}.Release|Win32.Build.0 = Release|Win32
	EndGlobalSection
	GlobalSection(SolutionProperties) = preSolution
		HideSolutionNode = FALSE
	EndGlobalSection
EndGlobal
